// !$*UTF8*$!
{
	archiveVersion = 1;
	classes = {
	};
	objectVersion = 51;
	objects = {

/* Begin PBXBuildFile section */
		4DD0F70455868E31E227AD67 /* Pods_CollectionViewWithAPI.framework in Frameworks */ = {isa = PBXBuildFile; fileRef = 6FAE308EA99249269A5B51AC /* Pods_CollectionViewWithAPI.framework */; };
		77A3C599254DF799000C6F5B /* AppDelegate.swift in Sources */ = {isa = PBXBuildFile; fileRef = 77A3C598254DF799000C6F5B /* AppDelegate.swift */; };
		77A3C59B254DF799000C6F5B /* SceneDelegate.swift in Sources */ = {isa = PBXBuildFile; fileRef = 77A3C59A254DF799000C6F5B /* SceneDelegate.swift */; };
		77A3C59D254DF799000C6F5B /* ViewController.swift in Sources */ = {isa = PBXBuildFile; fileRef = 77A3C59C254DF799000C6F5B /* ViewController.swift */; };
		77A3C5A0254DF799000C6F5B /* Main.storyboard in Resources */ = {isa = PBXBuildFile; fileRef = 77A3C59E254DF799000C6F5B /* Main.storyboard */; };
		77A3C5A2254DF79B000C6F5B /* Assets.xcassets in Resources */ = {isa = PBXBuildFile; fileRef = 77A3C5A1254DF79B000C6F5B /* Assets.xcassets */; };
		77A3C5A5254DF79B000C6F5B /* LaunchScreen.storyboard in Resources */ = {isa = PBXBuildFile; fileRef = 77A3C5A3254DF79B000C6F5B /* LaunchScreen.storyboard */; };
		77A3C5BD254DFA00000C6F5B /* API.swift in Sources */ = {isa = PBXBuildFile; fileRef = 77A3C5BC254DFA00000C6F5B /* API.swift */; };
		77A3C5C1254DFAE3000C6F5B /* Extensions.swift in Sources */ = {isa = PBXBuildFile; fileRef = 77A3C5C0254DFAE3000C6F5B /* Extensions.swift */; };
/* End PBXBuildFile section */

/* Begin PBXFileReference section */
		16876BF5B70D6A3B63BA06A0 /* Pods-CollectionViewWithAPI.release.xcconfig */ = {isa = PBXFileReference; includeInIndex = 1; lastKnownFileType = text.xcconfig; name = "Pods-CollectionViewWithAPI.release.xcconfig"; path = "Target Support Files/Pods-CollectionViewWithAPI/Pods-CollectionViewWithAPI.release.xcconfig"; sourceTree = "<group>"; };
		6FAE308EA99249269A5B51AC /* Pods_CollectionViewWithAPI.framework */ = {isa = PBXFileReference; explicitFileType = wrapper.framework; includeInIndex = 0; path = Pods_CollectionViewWithAPI.framework; sourceTree = BUILT_PRODUCTS_DIR; };
		77A3C595254DF799000C6F5B /* CollectionViewWithAPI.app */ = {isa = PBXFileReference; explicitFileType = wrapper.application; includeInIndex = 0; path = CollectionViewWithAPI.app; sourceTree = BUILT_PRODUCTS_DIR; };
		77A3C598254DF799000C6F5B /* AppDelegate.swift */ = {isa = PBXFileReference; lastKnownFileType = sourcecode.swift; path = AppDelegate.swift; sourceTree = "<group>"; };
		77A3C59A254DF799000C6F5B /* SceneDelegate.swift */ = {isa = PBXFileReference; lastKnownFileType = sourcecode.swift; path = SceneDelegate.swift; sourceTree = "<group>"; };
		77A3C59C254DF799000C6F5B /* ViewController.swift */ = {isa = PBXFileReference; lastKnownFileType = sourcecode.swift; path = ViewController.swift; sourceTree = "<group>"; };
		77A3C59F254DF799000C6F5B /* Base */ = {isa = PBXFileReference; lastKnownFileType = file.storyboard; name = Base; path = Base.lproj/Main.storyboard; sourceTree = "<group>"; };
		77A3C5A1254DF79B000C6F5B /* Assets.xcassets */ = {isa = PBXFileReference; lastKnownFileType = folder.assetcatalog; path = Assets.xcassets; sourceTree = "<group>"; };
		77A3C5A4254DF79B000C6F5B /* Base */ = {isa = PBXFileReference; lastKnownFileType = file.storyboard; name = Base; path = Base.lproj/LaunchScreen.storyboard; sourceTree = "<group>"; };
		77A3C5A6254DF79B000C6F5B /* Info.plist */ = {isa = PBXFileReference; lastKnownFileType = text.plist.xml; path = Info.plist; sourceTree = "<group>"; };
		77A3C5BC254DFA00000C6F5B /* API.swift */ = {isa = PBXFileReference; lastKnownFileType = sourcecode.swift; path = API.swift; sourceTree = "<group>"; };
		77A3C5C0254DFAE3000C6F5B /* Extensions.swift */ = {isa = PBXFileReference; lastKnownFileType = sourcecode.swift; path = Extensions.swift; sourceTree = "<group>"; };
		C3819456056A9C846A60F1BE /* Pods-CollectionViewWithAPI.debug.xcconfig */ = {isa = PBXFileReference; includeInIndex = 1; lastKnownFileType = text.xcconfig; name = "Pods-CollectionViewWithAPI.debug.xcconfig"; path = "Target Support Files/Pods-CollectionViewWithAPI/Pods-CollectionViewWithAPI.debug.xcconfig"; sourceTree = "<group>"; };
/* End PBXFileReference section */

/* Begin PBXFrameworksBuildPhase section */
		77A3C592254DF799000C6F5B /* Frameworks */ = {
			isa = PBXFrameworksBuildPhase;
			buildActionMask = 2147483647;
			files = (
				4DD0F70455868E31E227AD67 /* Pods_CollectionViewWithAPI.framework in Frameworks */,
			);
			runOnlyForDeploymentPostprocessing = 0;
		};
/* End PBXFrameworksBuildPhase section */

/* Begin PBXGroup section */
		2B55251A2DE53148C1FAC370 /* Frameworks */ = {
			isa = PBXGroup;
			children = (
				6FAE308EA99249269A5B51AC /* Pods_CollectionViewWithAPI.framework */,
			);
			name = Frameworks;
			sourceTree = "<group>";
		};
		392B39D985D445816FC4D872 /* Pods */ = {
			isa = PBXGroup;
			children = (
				C3819456056A9C846A60F1BE /* Pods-CollectionViewWithAPI.debug.xcconfig */,
				16876BF5B70D6A3B63BA06A0 /* Pods-CollectionViewWithAPI.release.xcconfig */,
			);
			path = Pods;
			sourceTree = "<group>";
		};
		77A3C58C254DF799000C6F5B = {
			isa = PBXGroup;
			children = (
				77A3C597254DF799000C6F5B /* CollectionViewWithAPI */,
				77A3C596254DF799000C6F5B /* Products */,
				392B39D985D445816FC4D872 /* Pods */,
				2B55251A2DE53148C1FAC370 /* Frameworks */,
			);
			sourceTree = "<group>";
		};
		77A3C596254DF799000C6F5B /* Products */ = {
			isa = PBXGroup;
			children = (
				77A3C595254DF799000C6F5B /* CollectionViewWithAPI.app */,
			);
			name = Products;
			sourceTree = "<group>";
		};
		77A3C597254DF799000C6F5B /* CollectionViewWithAPI */ = {
			isa = PBXGroup;
			children = (
				77A3C5B6254DF97F000C6F5B /* ViewController */,
				77A3C5B7254DF985000C6F5B /* View */,
				77A3C5B8254DF98C000C6F5B /* Components */,
				77A3C5B9254DF9AE000C6F5B /* Network */,
				77A3C5B5254DF974000C6F5B /* Utils */,
				77A3C5BA254DF9B5000C6F5B /* Resources */,
				77A3C59A254DF799000C6F5B /* SceneDelegate.swift */,
				77A3C5A3254DF79B000C6F5B /* LaunchScreen.storyboard */,
				77A3C5A6254DF79B000C6F5B /* Info.plist */,
			);
			path = CollectionViewWithAPI;
			sourceTree = "<group>";
		};
		77A3C5B5254DF974000C6F5B /* Utils */ = {
			isa = PBXGroup;
			children = (
				77A3C5C0254DFAE3000C6F5B /* Extensions.swift */,
			);
			path = Utils;
			sourceTree = "<group>";
		};
		77A3C5B6254DF97F000C6F5B /* ViewController */ = {
			isa = PBXGroup;
			children = (
				77A3C59C254DF799000C6F5B /* ViewController.swift */,
			);
			path = ViewController;
			sourceTree = "<group>";
		};
		77A3C5B7254DF985000C6F5B /* View */ = {
			isa = PBXGroup;
			children = (
				77A3C59E254DF799000C6F5B /* Main.storyboard */,
			);
			path = View;
			sourceTree = "<group>";
		};
		77A3C5B8254DF98C000C6F5B /* Components */ = {
			isa = PBXGroup;
			children = (
			);
			path = Components;
			sourceTree = "<group>";
		};
		77A3C5B9254DF9AE000C6F5B /* Network */ = {
			isa = PBXGroup;
			children = (
				77A3C5BC254DFA00000C6F5B /* API.swift */,
			);
			path = Network;
			sourceTree = "<group>";
		};
		77A3C5BA254DF9B5000C6F5B /* Resources */ = {
			isa = PBXGroup;
			children = (
				77A3C5A1254DF79B000C6F5B /* Assets.xcassets */,
				77A3C598254DF799000C6F5B /* AppDelegate.swift */,
			);
			path = Resources;
			sourceTree = "<group>";
		};
/* End PBXGroup section */

/* Begin PBXNativeTarget section */
		77A3C594254DF799000C6F5B /* CollectionViewWithAPI */ = {
			isa = PBXNativeTarget;
			buildConfigurationList = 77A3C5A9254DF79B000C6F5B /* Build configuration list for PBXNativeTarget "CollectionViewWithAPI" */;
			buildPhases = (
				263157717AD31EDEB718ECCF /* [CP] Check Pods Manifest.lock */,
				77A3C591254DF799000C6F5B /* Sources */,
				77A3C592254DF799000C6F5B /* Frameworks */,
				77A3C593254DF799000C6F5B /* Resources */,
				82E6A57DD3B43B1ADB34D103 /* [CP] Embed Pods Frameworks */,
			);
			buildRules = (
			);
			dependencies = (
			);
			name = CollectionViewWithAPI;
			productName = CollectionViewWithAPI;
			productReference = 77A3C595254DF799000C6F5B /* CollectionViewWithAPI.app */;
			productType = "com.apple.product-type.application";
		};
/* End PBXNativeTarget section */

/* Begin PBXProject section */
		77A3C58D254DF799000C6F5B /* Project object */ = {
			isa = PBXProject;
			attributes = {
				LastSwiftUpdateCheck = 1210;
				LastUpgradeCheck = 1210;
				TargetAttributes = {
					77A3C594254DF799000C6F5B = {
						CreatedOnToolsVersion = 12.1;
					};
				};
			};
			buildConfigurationList = 77A3C590254DF799000C6F5B /* Build configuration list for PBXProject "CollectionViewWithAPI" */;
			compatibilityVersion = "Xcode 9.3";
			developmentRegion = en;
			hasScannedForEncodings = 0;
			knownRegions = (
				en,
				Base,
			);
			mainGroup = 77A3C58C254DF799000C6F5B;
			productRefGroup = 77A3C596254DF799000C6F5B /* Products */;
			projectDirPath = "";
			projectRoot = "";
			targets = (
				77A3C594254DF799000C6F5B /* CollectionViewWithAPI */,
			);
		};
/* End PBXProject section */

/* Begin PBXResourcesBuildPhase section */
		77A3C593254DF799000C6F5B /* Resources */ = {
			isa = PBXResourcesBuildPhase;
			buildActionMask = 2147483647;
			files = (
				77A3C5A5254DF79B000C6F5B /* LaunchScreen.storyboard in Resources */,
				77A3C5A2254DF79B000C6F5B /* Assets.xcassets in Resources */,
				77A3C5A0254DF799000C6F5B /* Main.storyboard in Resources */,
			);
			runOnlyForDeploymentPostprocessing = 0;
		};
/* End PBXResourcesBuildPhase section */

/* Begin PBXShellScriptBuildPhase section */
		263157717AD31EDEB718ECCF /* [CP] Check Pods Manifest.lock */ = {
			isa = PBXShellScriptBuildPhase;
			buildActionMask = 2147483647;
			files = (
			);
			inputFileListPaths = (
			);
			inputPaths = (
				"${PODS_PODFILE_DIR_PATH}/Podfile.lock",
				"${PODS_ROOT}/Manifest.lock",
			);
			name = "[CP] Check Pods Manifest.lock";
			outputFileListPaths = (
			);
			outputPaths = (
				"$(DERIVED_FILE_DIR)/Pods-CollectionViewWithAPI-checkManifestLockResult.txt",
			);
			runOnlyForDeploymentPostprocessing = 0;
			shellPath = /bin/sh;
			shellScript = "diff \"${PODS_PODFILE_DIR_PATH}/Podfile.lock\" \"${PODS_ROOT}/Manifest.lock\" > /dev/null\nif [ $? != 0 ] ; then\n    # print error to STDERR\n    echo \"error: The sandbox is not in sync with the Podfile.lock. Run 'pod install' or update your CocoaPods installation.\" >&2\n    exit 1\nfi\n# This output is used by Xcode 'outputs' to avoid re-running this script phase.\necho \"SUCCESS\" > \"${SCRIPT_OUTPUT_FILE_0}\"\n";
			showEnvVarsInLog = 0;
		};
		82E6A57DD3B43B1ADB34D103 /* [CP] Embed Pods Frameworks */ = {
			isa = PBXShellScriptBuildPhase;
			buildActionMask = 2147483647;
			files = (
			);
			inputFileListPaths = (
				"${PODS_ROOT}/Target Support Files/Pods-CollectionViewWithAPI/Pods-CollectionViewWithAPI-frameworks-${CONFIGURATION}-input-files.xcfilelist",
			);
			name = "[CP] Embed Pods Frameworks";
			outputFileListPaths = (
				"${PODS_ROOT}/Target Support Files/Pods-CollectionViewWithAPI/Pods-CollectionViewWithAPI-frameworks-${CONFIGURATION}-output-files.xcfilelist",
			);
			runOnlyForDeploymentPostprocessing = 0;
			shellPath = /bin/sh;
			shellScript = "\"${PODS_ROOT}/Target Support Files/Pods-CollectionViewWithAPI/Pods-CollectionViewWithAPI-frameworks.sh\"\n";
			showEnvVarsInLog = 0;
		};
/* End PBXShellScriptBuildPhase section */

/* Begin PBXSourcesBuildPhase section */
		77A3C591254DF799000C6F5B /* Sources */ = {
			isa = PBXSourcesBuildPhase;
			buildActionMask = 2147483647;
			files = (
				77A3C5C1254DFAE3000C6F5B /* Extensions.swift in Sources */,
				77A3C59D254DF799000C6F5B /* ViewController.swift in Sources */,
				77A3C599254DF799000C6F5B /* AppDelegate.swift in Sources */,
				77A3C5BD254DFA00000C6F5B /* API.swift in Sources */,
				77A3C59B254DF799000C6F5B /* SceneDelegate.swift in Sources */,
			);
			runOnlyForDeploymentPostprocessing = 0;
		};
/* End PBXSourcesBuildPhase section */

/* Begin PBXVariantGroup section */
		77A3C59E254DF799000C6F5B /* Main.storyboard */ = {
			isa = PBXVariantGroup;
			children = (
				77A3C59F254DF799000C6F5B /* Base */,
			);
			name = Main.storyboard;
			sourceTree = "<group>";
		};
		77A3C5A3254DF79B000C6F5B /* LaunchScreen.storyboard */ = {
			isa = PBXVariantGroup;
			children = (
				77A3C5A4254DF79B000C6F5B /* Base */,
			);
			name = LaunchScreen.storyboard;
			sourceTree = "<group>";
		};
/* End PBXVariantGroup section */

/* Begin XCBuildConfiguration section */
		77A3C5A7254DF79B000C6F5B /* Debug */ = {
			isa = XCBuildConfiguration;
			buildSettings = {
				ALWAYS_SEARCH_USER_PATHS = NO;
				CLANG_ANALYZER_NONNULL = YES;
				CLANG_ANALYZER_NUMBER_OBJECT_CONVERSION = YES_AGGRESSIVE;
				CLANG_CXX_LANGUAGE_STANDARD = "gnu++14";
				CLANG_CXX_LIBRARY = "libc++";
				CLANG_ENABLE_MODULES = YES;
				CLANG_ENABLE_OBJC_ARC = YES;
				CLANG_ENABLE_OBJC_WEAK = YES;
				CLANG_WARN_BLOCK_CAPTURE_AUTORELEASING = YES;
				CLANG_WARN_BOOL_CONVERSION = YES;
				CLANG_WARN_COMMA = YES;
				CLANG_WARN_CONSTANT_CONVERSION = YES;
				CLANG_WARN_DEPRECATED_OBJC_IMPLEMENTATIONS = YES;
				CLANG_WARN_DIRECT_OBJC_ISA_USAGE = YES_ERROR;
				CLANG_WARN_DOCUMENTATION_COMMENTS = YES;
				CLANG_WARN_EMPTY_BODY = YES;
				CLANG_WARN_ENUM_CONVERSION = YES;
				CLANG_WARN_INFINITE_RECURSION = YES;
				CLANG_WARN_INT_CONVERSION = YES;
				CLANG_WARN_NON_LITERAL_NULL_CONVERSION = YES;
				CLANG_WARN_OBJC_IMPLICIT_RETAIN_SELF = YES;
				CLANG_WARN_OBJC_LITERAL_CONVERSION = YES;
				CLANG_WARN_OBJC_ROOT_CLASS = YES_ERROR;
				CLANG_WARN_QUOTED_INCLUDE_IN_FRAMEWORK_HEADER = YES;
				CLANG_WARN_RANGE_LOOP_ANALYSIS = YES;
				CLANG_WARN_STRICT_PROTOTYPES = YES;
				CLANG_WARN_SUSPICIOUS_MOVE = YES;
				CLANG_WARN_UNGUARDED_AVAILABILITY = YES_AGGRESSIVE;
				CLANG_WARN_UNREACHABLE_CODE = YES;
				CLANG_WARN__DUPLICATE_METHOD_MATCH = YES;
				COPY_PHASE_STRIP = NO;
				DEBUG_INFORMATION_FORMAT = dwarf;
				ENABLE_STRICT_OBJC_MSGSEND = YES;
				ENABLE_TESTABILITY = YES;
				GCC_C_LANGUAGE_STANDARD = gnu11;
				GCC_DYNAMIC_NO_PIC = NO;
				GCC_NO_COMMON_BLOCKS = YES;
				GCC_OPTIMIZATION_LEVEL = 0;
				GCC_PREPROCESSOR_DEFINITIONS = (
					"DEBUG=1",
					"$(inherited)",
				);
				GCC_WARN_64_TO_32_BIT_CONVERSION = YES;
				GCC_WARN_ABOUT_RETURN_TYPE = YES_ERROR;
				GCC_WARN_UNDECLARED_SELECTOR = YES;
				GCC_WARN_UNINITIALIZED_AUTOS = YES_AGGRESSIVE;
				GCC_WARN_UNUSED_FUNCTION = YES;
				GCC_WARN_UNUSED_VARIABLE = YES;
				IPHONEOS_DEPLOYMENT_TARGET = 14.1;
				MTL_ENABLE_DEBUG_INFO = INCLUDE_SOURCE;
				MTL_FAST_MATH = YES;
				ONLY_ACTIVE_ARCH = YES;
				SDKROOT = iphoneos;
				SWIFT_ACTIVE_COMPILATION_CONDITIONS = DEBUG;
				SWIFT_OPTIMIZATION_LEVEL = "-Onone";
			};
			name = Debug;
		};
		77A3C5A8254DF79B000C6F5B /* Release */ = {
			isa = XCBuildConfiguration;
			buildSettings = {
				ALWAYS_SEARCH_USER_PATHS = NO;
				CLANG_ANALYZER_NONNULL = YES;
				CLANG_ANALYZER_NUMBER_OBJECT_CONVERSION = YES_AGGRESSIVE;
				CLANG_CXX_LANGUAGE_STANDARD = "gnu++14";
				CLANG_CXX_LIBRARY = "libc++";
				CLANG_ENABLE_MODULES = YES;
				CLANG_ENABLE_OBJC_ARC = YES;
				CLANG_ENABLE_OBJC_WEAK = YES;
				CLANG_WARN_BLOCK_CAPTURE_AUTORELEASING = YES;
				CLANG_WARN_BOOL_CONVERSION = YES;
				CLANG_WARN_COMMA = YES;
				CLANG_WARN_CONSTANT_CONVERSION = YES;
				CLANG_WARN_DEPRECATED_OBJC_IMPLEMENTATIONS = YES;
				CLANG_WARN_DIRECT_OBJC_ISA_USAGE = YES_ERROR;
				CLANG_WARN_DOCUMENTATION_COMMENTS = YES;
				CLANG_WARN_EMPTY_BODY = YES;
				CLANG_WARN_ENUM_CONVERSION = YES;
				CLANG_WARN_INFINITE_RECURSION = YES;
				CLANG_WARN_INT_CONVERSION = YES;
				CLANG_WARN_NON_LITERAL_NULL_CONVERSION = YES;
				CLANG_WARN_OBJC_IMPLICIT_RETAIN_SELF = YES;
				CLANG_WARN_OBJC_LITERAL_CONVERSION = YES;
				CLANG_WARN_OBJC_ROOT_CLASS = YES_ERROR;
				CLANG_WARN_QUOTED_INCLUDE_IN_FRAMEWORK_HEADER = YES;
				CLANG_WARN_RANGE_LOOP_ANALYSIS = YES;
				CLANG_WARN_STRICT_PROTOTYPES = YES;
				CLANG_WARN_SUSPICIOUS_MOVE = YES;
				CLANG_WARN_UNGUARDED_AVAILABILITY = YES_AGGRESSIVE;
				CLANG_WARN_UNREACHABLE_CODE = YES;
				CLANG_WARN__DUPLICATE_METHOD_MATCH = YES;
				COPY_PHASE_STRIP = NO;
				DEBUG_INFORMATION_FORMAT = "dwarf-with-dsym";
				ENABLE_NS_ASSERTIONS = NO;
				ENABLE_STRICT_OBJC_MSGSEND = YES;
				GCC_C_LANGUAGE_STANDARD = gnu11;
				GCC_NO_COMMON_BLOCKS = YES;
				GCC_WARN_64_TO_32_BIT_CONVERSION = YES;
				GCC_WARN_ABOUT_RETURN_TYPE = YES_ERROR;
				GCC_WARN_UNDECLARED_SELECTOR = YES;
				GCC_WARN_UNINITIALIZED_AUTOS = YES_AGGRESSIVE;
				GCC_WARN_UNUSED_FUNCTION = YES;
				GCC_WARN_UNUSED_VARIABLE = YES;
				IPHONEOS_DEPLOYMENT_TARGET = 14.1;
				MTL_ENABLE_DEBUG_INFO = NO;
				MTL_FAST_MATH = YES;
				SDKROOT = iphoneos;
				SWIFT_COMPILATION_MODE = wholemodule;
				SWIFT_OPTIMIZATION_LEVEL = "-O";
				VALIDATE_PRODUCT = YES;
			};
			name = Release;
		};
		77A3C5AA254DF79B000C6F5B /* Debug */ = {
			isa = XCBuildConfiguration;
			baseConfigurationReference = C3819456056A9C846A60F1BE /* Pods-CollectionViewWithAPI.debug.xcconfig */;
			buildSettings = {
				ASSETCATALOG_COMPILER_APPICON_NAME = AppIcon;
				ASSETCATALOG_COMPILER_GLOBAL_ACCENT_COLOR_NAME = AccentColor;
				CODE_SIGN_STYLE = Automatic;
				DEVELOPMENT_TEAM = TYNC5NT5U5;
				INFOPLIST_FILE = CollectionViewWithAPI/Info.plist;
				IPHONEOS_DEPLOYMENT_TARGET = 13.0;
				LD_RUNPATH_SEARCH_PATHS = (
					"$(inherited)",
					"@executable_path/Frameworks",
				);
				PRODUCT_BUNDLE_IDENTIFIER = com.GokTest.CollectionViewWithAPI;
				PRODUCT_NAME = "$(TARGET_NAME)";
				SWIFT_VERSION = 5.0;
				TARGETED_DEVICE_FAMILY = 1;
			};
			name = Debug;
		};
		77A3C5AB254DF79B000C6F5B /* Release */ = {
			isa = XCBuildConfiguration;
			baseConfigurationReference = 16876BF5B70D6A3B63BA06A0 /* Pods-CollectionViewWithAPI.release.xcconfig */;
			buildSettings = {
				ASSETCATALOG_COMPILER_APPICON_NAME = AppIcon;
				ASSETCATALOG_COMPILER_GLOBAL_ACCENT_COLOR_NAME = AccentColor;
				CODE_SIGN_STYLE = Automatic;
				DEVELOPMENT_TEAM = TYNC5NT5U5;
				INFOPLIST_FILE = CollectionViewWithAPI/Info.plist;
				IPHONEOS_DEPLOYMENT_TARGET = 13.0;
				LD_RUNPATH_SEARCH_PATHS = (
					"$(inherited)",
					"@executable_path/Frameworks",
				);
				PRODUCT_BUNDLE_IDENTIFIER = com.GokTest.CollectionViewWithAPI;
				PRODUCT_NAME = "$(TARGET_NAME)";
				SWIFT_VERSION = 5.0;
				TARGETED_DEVICE_FAMILY = 1;
			};
			name = Release;
		};
/* End XCBuildConfiguration section */

/* Begin XCConfigurationList section */
		77A3C590254DF799000C6F5B /* Build configuration list for PBXProject "CollectionViewWithAPI" */ = {
			isa = XCConfigurationList;
			buildConfigurations = (
				77A3C5A7254DF79B000C6F5B /* Debug */,
				77A3C5A8254DF79B000C6F5B /* Release */,
			);
			defaultConfigurationIsVisible = 0;
			defaultConfigurationName = Release;
		};
		77A3C5A9254DF79B000C6F5B /* Build configuration list for PBXNativeTarget "CollectionViewWithAPI" */ = {
			isa = XCConfigurationList;
			buildConfigurations = (
				77A3C5AA254DF79B000C6F5B /* Debug */,
				77A3C5AB254DF79B000C6F5B /* Release */,
			);
			defaultConfigurationIsVisible = 0;
			defaultConfigurationName = Release;
		};
/* End XCConfigurationList section */
	};
	rootObject = 77A3C58D254DF799000C6F5B /* Project object */;
}
